// !$*UTF8*$!
{
	archiveVersion = 1;
	classes = {
	};
	objectVersion = 50;
	objects = {

/* Begin PBXBuildFile section */
		3DB3244528D36A7A00A8B7F0 /* AppDelegate.swift in Sources */ = {isa = PBXBuildFile; fileRef = 3DB3244428D36A7A00A8B7F0 /* AppDelegate.swift */; };
		3DB3244728D36A7A00A8B7F0 /* Pantalla1.swift in Sources */ = {isa = PBXBuildFile; fileRef = 3DB3244628D36A7A00A8B7F0 /* Pantalla1.swift */; };
		3DB3244A28D36A7A00A8B7F0 /* Main.storyboard in Resources */ = {isa = PBXBuildFile; fileRef = 3DB3244828D36A7A00A8B7F0 /* Main.storyboard */; };
		3DB3244C28D36A7D00A8B7F0 /* Assets.xcassets in Resources */ = {isa = PBXBuildFile; fileRef = 3DB3244B28D36A7D00A8B7F0 /* Assets.xcassets */; };
		3DB3244F28D36A7D00A8B7F0 /* LaunchScreen.storyboard in Resources */ = {isa = PBXBuildFile; fileRef = 3DB3244D28D36A7D00A8B7F0 /* LaunchScreen.storyboard */; };
		3DB3245A28D36A7D00A8B7F0 /* navegacionTests.swift in Sources */ = {isa = PBXBuildFile; fileRef = 3DB3245928D36A7D00A8B7F0 /* navegacionTests.swift */; };
		3DB3246528D36A7D00A8B7F0 /* navegacionUITests.swift in Sources */ = {isa = PBXBuildFile; fileRef = 3DB3246428D36A7D00A8B7F0 /* navegacionUITests.swift */; };
		3DB3247328D36E0F00A8B7F0 /* Pantalla2.swift in Sources */ = {isa = PBXBuildFile; fileRef = 3DB3247228D36E0F00A8B7F0 /* Pantalla2.swift */; };
		3DB3247528D37C0500A8B7F0 /* Pantalla3.swift in Sources */ = {isa = PBXBuildFile; fileRef = 3DB3247428D37C0500A8B7F0 /* Pantalla3.swift */; };
		3DB3247728D37C1000A8B7F0 /* Pantalla4.swift in Sources */ = {isa = PBXBuildFile; fileRef = 3DB3247628D37C1000A8B7F0 /* Pantalla4.swift */; };
		3DB3247928D37C2000A8B7F0 /* Pantalla5.swift in Sources */ = {isa = PBXBuildFile; fileRef = 3DB3247828D37C2000A8B7F0 /* Pantalla5.swift */; };
		3DB3247B28D37C2F00A8B7F0 /* Pantalla6.swift in Sources */ = {isa = PBXBuildFile; fileRef = 3DB3247A28D37C2F00A8B7F0 /* Pantalla6.swift */; };
		3DB3247D28D37C3900A8B7F0 /* Pantalla7.swift in Sources */ = {isa = PBXBuildFile; fileRef = 3DB3247C28D37C3900A8B7F0 /* Pantalla7.swift */; };
		3DB3247F28D37C4500A8B7F0 /* Pantalla8.swift in Sources */ = {isa = PBXBuildFile; fileRef = 3DB3247E28D37C4500A8B7F0 /* Pantalla8.swift */; };
		3DB3248128D37C6200A8B7F0 /* Pantalla9.swift in Sources */ = {isa = PBXBuildFile; fileRef = 3DB3248028D37C6200A8B7F0 /* Pantalla9.swift */; };
		3DB3248328D37C6A00A8B7F0 /* Pantalla10.swift in Sources */ = {isa = PBXBuildFile; fileRef = 3DB3248228D37C6A00A8B7F0 /* Pantalla10.swift */; };
/* End PBXBuildFile section */

/* Begin PBXContainerItemProxy section */
		3DB3245628D36A7D00A8B7F0 /* PBXContainerItemProxy */ = {
			isa = PBXContainerItemProxy;
			containerPortal = 3DB3243928D36A7900A8B7F0 /* Project object */;
			proxyType = 1;
			remoteGlobalIDString = 3DB3244028D36A7900A8B7F0;
			remoteInfo = navegacion;
		};
		3DB3246128D36A7D00A8B7F0 /* PBXContainerItemProxy */ = {
			isa = PBXContainerItemProxy;
			containerPortal = 3DB3243928D36A7900A8B7F0 /* Project object */;
			proxyType = 1;
			remoteGlobalIDString = 3DB3244028D36A7900A8B7F0;
			remoteInfo = navegacion;
		};
/* End PBXContainerItemProxy section */

/* Begin PBXFileReference section */
		3DB3244128D36A7A00A8B7F0 /* navegacion.app */ = {isa = PBXFileReference; explicitFileType = wrapper.application; includeInIndex = 0; path = navegacion.app; sourceTree = BUILT_PRODUCTS_DIR; };
		3DB3244428D36A7A00A8B7F0 /* AppDelegate.swift */ = {isa = PBXFileReference; lastKnownFileType = sourcecode.swift; path = AppDelegate.swift; sourceTree = "<group>"; };
		3DB3244628D36A7A00A8B7F0 /* Pantalla1.swift */ = {isa = PBXFileReference; lastKnownFileType = sourcecode.swift; path = Pantalla1.swift; sourceTree = "<group>"; };
		3DB3244928D36A7A00A8B7F0 /* Base */ = {isa = PBXFileReference; lastKnownFileType = file.storyboard; name = Base; path = Base.lproj/Main.storyboard; sourceTree = "<group>"; };
		3DB3244B28D36A7D00A8B7F0 /* Assets.xcassets */ = {isa = PBXFileReference; lastKnownFileType = folder.assetcatalog; path = Assets.xcassets; sourceTree = "<group>"; };
		3DB3244E28D36A7D00A8B7F0 /* Base */ = {isa = PBXFileReference; lastKnownFileType = file.storyboard; name = Base; path = Base.lproj/LaunchScreen.storyboard; sourceTree = "<group>"; };
		3DB3245028D36A7D00A8B7F0 /* Info.plist */ = {isa = PBXFileReference; lastKnownFileType = text.plist.xml; path = Info.plist; sourceTree = "<group>"; };
		3DB3245528D36A7D00A8B7F0 /* navegacionTests.xctest */ = {isa = PBXFileReference; explicitFileType = wrapper.cfbundle; includeInIndex = 0; path = navegacionTests.xctest; sourceTree = BUILT_PRODUCTS_DIR; };
		3DB3245928D36A7D00A8B7F0 /* navegacionTests.swift */ = {isa = PBXFileReference; lastKnownFileType = sourcecode.swift; path = navegacionTests.swift; sourceTree = "<group>"; };
		3DB3245B28D36A7D00A8B7F0 /* Info.plist */ = {isa = PBXFileReference; lastKnownFileType = text.plist.xml; path = Info.plist; sourceTree = "<group>"; };
		3DB3246028D36A7D00A8B7F0 /* navegacionUITests.xctest */ = {isa = PBXFileReference; explicitFileType = wrapper.cfbundle; includeInIndex = 0; path = navegacionUITests.xctest; sourceTree = BUILT_PRODUCTS_DIR; };
		3DB3246428D36A7D00A8B7F0 /* navegacionUITests.swift */ = {isa = PBXFileReference; lastKnownFileType = sourcecode.swift; path = navegacionUITests.swift; sourceTree = "<group>"; };
		3DB3246628D36A7D00A8B7F0 /* Info.plist */ = {isa = PBXFileReference; lastKnownFileType = text.plist.xml; path = Info.plist; sourceTree = "<group>"; };
		3DB3247228D36E0F00A8B7F0 /* Pantalla2.swift */ = {isa = PBXFileReference; lastKnownFileType = sourcecode.swift; path = Pantalla2.swift; sourceTree = "<group>"; };
		3DB3247428D37C0500A8B7F0 /* Pantalla3.swift */ = {isa = PBXFileReference; lastKnownFileType = sourcecode.swift; path = Pantalla3.swift; sourceTree = "<group>"; };
		3DB3247628D37C1000A8B7F0 /* Pantalla4.swift */ = {isa = PBXFileReference; lastKnownFileType = sourcecode.swift; path = Pantalla4.swift; sourceTree = "<group>"; };
		3DB3247828D37C2000A8B7F0 /* Pantalla5.swift */ = {isa = PBXFileReference; lastKnownFileType = sourcecode.swift; path = Pantalla5.swift; sourceTree = "<group>"; };
		3DB3247A28D37C2F00A8B7F0 /* Pantalla6.swift */ = {isa = PBXFileReference; lastKnownFileType = sourcecode.swift; path = Pantalla6.swift; sourceTree = "<group>"; };
		3DB3247C28D37C3900A8B7F0 /* Pantalla7.swift */ = {isa = PBXFileReference; lastKnownFileType = sourcecode.swift; path = Pantalla7.swift; sourceTree = "<group>"; };
		3DB3247E28D37C4500A8B7F0 /* Pantalla8.swift */ = {isa = PBXFileReference; lastKnownFileType = sourcecode.swift; path = Pantalla8.swift; sourceTree = "<group>"; };
		3DB3248028D37C6200A8B7F0 /* Pantalla9.swift */ = {isa = PBXFileReference; lastKnownFileType = sourcecode.swift; path = Pantalla9.swift; sourceTree = "<group>"; };
		3DB3248228D37C6A00A8B7F0 /* Pantalla10.swift */ = {isa = PBXFileReference; lastKnownFileType = sourcecode.swift; path = Pantalla10.swift; sourceTree = "<group>"; };
/* End PBXFileReference section */

/* Begin PBXFrameworksBuildPhase section */
		3DB3243E28D36A7900A8B7F0 /* Frameworks */ = {
			isa = PBXFrameworksBuildPhase;
			buildActionMask = 2147483647;
			files = (
			);
			runOnlyForDeploymentPostprocessing = 0;
		};
		3DB3245228D36A7D00A8B7F0 /* Frameworks */ = {
			isa = PBXFrameworksBuildPhase;
			buildActionMask = 2147483647;
			files = (
			);
			runOnlyForDeploymentPostprocessing = 0;
		};
		3DB3245D28D36A7D00A8B7F0 /* Frameworks */ = {
			isa = PBXFrameworksBuildPhase;
			buildActionMask = 2147483647;
			files = (
			);
			runOnlyForDeploymentPostprocessing = 0;
		};
/* End PBXFrameworksBuildPhase section */

/* Begin PBXGroup section */
		3DB3243828D36A7900A8B7F0 = {
			isa = PBXGroup;
			children = (
				3DB3244328D36A7A00A8B7F0 /* navegacion */,
				3DB3245828D36A7D00A8B7F0 /* navegacionTests */,
				3DB3246328D36A7D00A8B7F0 /* navegacionUITests */,
				3DB3244228D36A7A00A8B7F0 /* Products */,
			);
			sourceTree = "<group>";
		};
		3DB3244228D36A7A00A8B7F0 /* Products */ = {
			isa = PBXGroup;
			children = (
				3DB3244128D36A7A00A8B7F0 /* navegacion.app */,
				3DB3245528D36A7D00A8B7F0 /* navegacionTests.xctest */,
				3DB3246028D36A7D00A8B7F0 /* navegacionUITests.xctest */,
			);
			name = Products;
			sourceTree = "<group>";
		};
		3DB3244328D36A7A00A8B7F0 /* navegacion */ = {
			isa = PBXGroup;
			children = (
				3DB3244428D36A7A00A8B7F0 /* AppDelegate.swift */,
				3DB3244628D36A7A00A8B7F0 /* Pantalla1.swift */,
				3DB3244828D36A7A00A8B7F0 /* Main.storyboard */,
				3DB3244B28D36A7D00A8B7F0 /* Assets.xcassets */,
				3DB3244D28D36A7D00A8B7F0 /* LaunchScreen.storyboard */,
				3DB3245028D36A7D00A8B7F0 /* Info.plist */,
				3DB3247228D36E0F00A8B7F0 /* Pantalla2.swift */,
				3DB3247428D37C0500A8B7F0 /* Pantalla3.swift */,
				3DB3247628D37C1000A8B7F0 /* Pantalla4.swift */,
				3DB3247828D37C2000A8B7F0 /* Pantalla5.swift */,
				3DB3247A28D37C2F00A8B7F0 /* Pantalla6.swift */,
				3DB3247C28D37C3900A8B7F0 /* Pantalla7.swift */,
				3DB3247E28D37C4500A8B7F0 /* Pantalla8.swift */,
				3DB3248028D37C6200A8B7F0 /* Pantalla9.swift */,
				3DB3248228D37C6A00A8B7F0 /* Pantalla10.swift */,
			);
			path = navegacion;
			sourceTree = "<group>";
		};
		3DB3245828D36A7D00A8B7F0 /* navegacionTests */ = {
			isa = PBXGroup;
			children = (
				3DB3245928D36A7D00A8B7F0 /* navegacionTests.swift */,
				3DB3245B28D36A7D00A8B7F0 /* Info.plist */,
			);
			path = navegacionTests;
			sourceTree = "<group>";
		};
		3DB3246328D36A7D00A8B7F0 /* navegacionUITests */ = {
			isa = PBXGroup;
			children = (
				3DB3246428D36A7D00A8B7F0 /* navegacionUITests.swift */,
				3DB3246628D36A7D00A8B7F0 /* Info.plist */,
			);
			path = navegacionUITests;
			sourceTree = "<group>";
		};
/* End PBXGroup section */

/* Begin PBXNativeTarget section */
		3DB3244028D36A7900A8B7F0 /* navegacion */ = {
			isa = PBXNativeTarget;
			buildConfigurationList = 3DB3246928D36A7D00A8B7F0 /* Build configuration list for PBXNativeTarget "navegacion" */;
			buildPhases = (
				3DB3243D28D36A7900A8B7F0 /* Sources */,
				3DB3243E28D36A7900A8B7F0 /* Frameworks */,
				3DB3243F28D36A7900A8B7F0 /* Resources */,
			);
			buildRules = (
			);
			dependencies = (
			);
			name = navegacion;
			productName = navegacion;
			productReference = 3DB3244128D36A7A00A8B7F0 /* navegacion.app */;
			productType = "com.apple.product-type.application";
		};
		3DB3245428D36A7D00A8B7F0 /* navegacionTests */ = {
			isa = PBXNativeTarget;
			buildConfigurationList = 3DB3246C28D36A7D00A8B7F0 /* Build configuration list for PBXNativeTarget "navegacionTests" */;
			buildPhases = (
				3DB3245128D36A7D00A8B7F0 /* Sources */,
				3DB3245228D36A7D00A8B7F0 /* Frameworks */,
				3DB3245328D36A7D00A8B7F0 /* Resources */,
			);
			buildRules = (
			);
			dependencies = (
				3DB3245728D36A7D00A8B7F0 /* PBXTargetDependency */,
			);
			name = navegacionTests;
			productName = navegacionTests;
			productReference = 3DB3245528D36A7D00A8B7F0 /* navegacionTests.xctest */;
			productType = "com.apple.product-type.bundle.unit-test";
		};
		3DB3245F28D36A7D00A8B7F0 /* navegacionUITests */ = {
			isa = PBXNativeTarget;
			buildConfigurationList = 3DB3246F28D36A7D00A8B7F0 /* Build configuration list for PBXNativeTarget "navegacionUITests" */;
			buildPhases = (
				3DB3245C28D36A7D00A8B7F0 /* Sources */,
				3DB3245D28D36A7D00A8B7F0 /* Frameworks */,
				3DB3245E28D36A7D00A8B7F0 /* Resources */,
			);
			buildRules = (
			);
			dependencies = (
				3DB3246228D36A7D00A8B7F0 /* PBXTargetDependency */,
			);
			name = navegacionUITests;
			productName = navegacionUITests;
			productReference = 3DB3246028D36A7D00A8B7F0 /* navegacionUITests.xctest */;
			productType = "com.apple.product-type.bundle.ui-testing";
		};
/* End PBXNativeTarget section */

/* Begin PBXProject section */
		3DB3243928D36A7900A8B7F0 /* Project object */ = {
			isa = PBXProject;
			attributes = {
				LastSwiftUpdateCheck = 1030;
				LastUpgradeCheck = 1030;
				ORGANIZATIONNAME = Alumno;
				TargetAttributes = {
					3DB3244028D36A7900A8B7F0 = {
						CreatedOnToolsVersion = 10.3;
					};
					3DB3245428D36A7D00A8B7F0 = {
						CreatedOnToolsVersion = 10.3;
						TestTargetID = 3DB3244028D36A7900A8B7F0;
					};
					3DB3245F28D36A7D00A8B7F0 = {
						CreatedOnToolsVersion = 10.3;
						TestTargetID = 3DB3244028D36A7900A8B7F0;
					};
				};
			};
			buildConfigurationList = 3DB3243C28D36A7900A8B7F0 /* Build configuration list for PBXProject "navegacion" */;
			compatibilityVersion = "Xcode 9.3";
			developmentRegion = en;
			hasScannedForEncodings = 0;
			knownRegions = (
				en,
				Base,
			);
			mainGroup = 3DB3243828D36A7900A8B7F0;
			productRefGroup = 3DB3244228D36A7A00A8B7F0 /* Products */;
			projectDirPath = "";
			projectRoot = "";
			targets = (
				3DB3244028D36A7900A8B7F0 /* navegacion */,
				3DB3245428D36A7D00A8B7F0 /* navegacionTests */,
				3DB3245F28D36A7D00A8B7F0 /* navegacionUITests */,
			);
		};
/* End PBXProject section */

/* Begin PBXResourcesBuildPhase section */
		3DB3243F28D36A7900A8B7F0 /* Resources */ = {
			isa = PBXResourcesBuildPhase;
			buildActionMask = 2147483647;
			files = (
				3DB3244F28D36A7D00A8B7F0 /* LaunchScreen.storyboard in Resources */,
				3DB3244C28D36A7D00A8B7F0 /* Assets.xcassets in Resources */,
				3DB3244A28D36A7A00A8B7F0 /* Main.storyboard in Resources */,
			);
			runOnlyForDeploymentPostprocessing = 0;
		};
		3DB3245328D36A7D00A8B7F0 /* Resources */ = {
			isa = PBXResourcesBuildPhase;
			buildActionMask = 2147483647;
			files = (
			);
			runOnlyForDeploymentPostprocessing = 0;
		};
		3DB3245E28D36A7D00A8B7F0 /* Resources */ = {
			isa = PBXResourcesBuildPhase;
			buildActionMask = 2147483647;
			files = (
			);
			runOnlyForDeploymentPostprocessing = 0;
		};
/* End PBXResourcesBuildPhase section */

/* Begin PBXSourcesBuildPhase section */
		3DB3243D28D36A7900A8B7F0 /* Sources */ = {
			isa = PBXSourcesBuildPhase;
			buildActionMask = 2147483647;
			files = (
				3DB3248328D37C6A00A8B7F0 /* Pantalla10.swift in Sources */,
				3DB3244728D36A7A00A8B7F0 /* Pantalla1.swift in Sources */,
				3DB3247D28D37C3900A8B7F0 /* Pantalla7.swift in Sources */,
				3DB3247B28D37C2F00A8B7F0 /* Pantalla6.swift in Sources */,
				3DB3248128D37C6200A8B7F0 /* Pantalla9.swift in Sources */,
				3DB3247528D37C0500A8B7F0 /* Pantalla3.swift in Sources */,
				3DB3247328D36E0F00A8B7F0 /* Pantalla2.swift in Sources */,
				3DB3247928D37C2000A8B7F0 /* Pantalla5.swift in Sources */,
				3DB3247F28D37C4500A8B7F0 /* Pantalla8.swift in Sources */,
				3DB3247728D37C1000A8B7F0 /* Pantalla4.swift in Sources */,
				3DB3244528D36A7A00A8B7F0 /* AppDelegate.swift in Sources */,
			);
			runOnlyForDeploymentPostprocessing = 0;
		};
		3DB3245128D36A7D00A8B7F0 /* Sources */ = {
			isa = PBXSourcesBuildPhase;
			buildActionMask = 2147483647;
			files = (
				3DB3245A28D36A7D00A8B7F0 /* navegacionTests.swift in Sources */,
			);
			runOnlyForDeploymentPostprocessing = 0;
		};
		3DB3245C28D36A7D00A8B7F0 /* Sources */ = {
			isa = PBXSourcesBuildPhase;
			buildActionMask = 2147483647;
			files = (
				3DB3246528D36A7D00A8B7F0 /* navegacionUITests.swift in Sources */,
			);
			runOnlyForDeploymentPostprocessing = 0;
		};
/* End PBXSourcesBuildPhase section */

/* Begin PBXTargetDependency section */
		3DB3245728D36A7D00A8B7F0 /* PBXTargetDependency */ = {
			isa = PBXTargetDependency;
			target = 3DB3244028D36A7900A8B7F0 /* navegacion */;
			targetProxy = 3DB3245628D36A7D00A8B7F0 /* PBXContainerItemProxy */;
		};
		3DB3246228D36A7D00A8B7F0 /* PBXTargetDependency */ = {
			isa = PBXTargetDependency;
			target = 3DB3244028D36A7900A8B7F0 /* navegacion */;
			targetProxy = 3DB3246128D36A7D00A8B7F0 /* PBXContainerItemProxy */;
		};
/* End PBXTargetDependency section */

/* Begin PBXVariantGroup section */
		3DB3244828D36A7A00A8B7F0 /* Main.storyboard */ = {
			isa = PBXVariantGroup;
			children = (
				3DB3244928D36A7A00A8B7F0 /* Base */,
			);
			name = Main.storyboard;
			sourceTree = "<group>";
		};
		3DB3244D28D36A7D00A8B7F0 /* LaunchScreen.storyboard */ = {
			isa = PBXVariantGroup;
			children = (
				3DB3244E28D36A7D00A8B7F0 /* Base */,
			);
			name = LaunchScreen.storyboard;
			sourceTree = "<group>";
		};
/* End PBXVariantGroup section */

/* Begin XCBuildConfiguration section */
		3DB3246728D36A7D00A8B7F0 /* Debug */ = {
			isa = XCBuildConfiguration;
			buildSettings = {
				ALWAYS_SEARCH_USER_PATHS = NO;
				CLANG_ANALYZER_NONNULL = YES;
				CLANG_ANALYZER_NUMBER_OBJECT_CONVERSION = YES_AGGRESSIVE;
				CLANG_CXX_LANGUAGE_STANDARD = "gnu++14";
				CLANG_CXX_LIBRARY = "libc++";
				CLANG_ENABLE_MODULES = YES;
				CLANG_ENABLE_OBJC_ARC = YES;
				CLANG_ENABLE_OBJC_WEAK = YES;
				CLANG_WARN_BLOCK_CAPTURE_AUTORELEASING = YES;
				CLANG_WARN_BOOL_CONVERSION = YES;
				CLANG_WARN_COMMA = YES;
				CLANG_WARN_CONSTANT_CONVERSION = YES;
				CLANG_WARN_DEPRECATED_OBJC_IMPLEMENTATIONS = YES;
				CLANG_WARN_DIRECT_OBJC_ISA_USAGE = YES_ERROR;
				CLANG_WARN_DOCUMENTATION_COMMENTS = YES;
				CLANG_WARN_EMPTY_BODY = YES;
				CLANG_WARN_ENUM_CONVERSION = YES;
				CLANG_WARN_INFINITE_RECURSION = YES;
				CLANG_WARN_INT_CONVERSION = YES;
				CLANG_WARN_NON_LITERAL_NULL_CONVERSION = YES;
				CLANG_WARN_OBJC_IMPLICIT_RETAIN_SELF = YES;
				CLANG_WARN_OBJC_LITERAL_CONVERSION = YES;
				CLANG_WARN_OBJC_ROOT_CLASS = YES_ERROR;
				CLANG_WARN_RANGE_LOOP_ANALYSIS = YES;
				CLANG_WARN_STRICT_PROTOTYPES = YES;
				CLANG_WARN_SUSPICIOUS_MOVE = YES;
				CLANG_WARN_UNGUARDED_AVAILABILITY = YES_AGGRESSIVE;
				CLANG_WARN_UNREACHABLE_CODE = YES;
				CLANG_WARN__DUPLICATE_METHOD_MATCH = YES;
				CODE_SIGN_IDENTITY = "iPhone Developer";
				COPY_PHASE_STRIP = NO;
				DEBUG_INFORMATION_FORMAT = dwarf;
				ENABLE_STRICT_OBJC_MSGSEND = YES;
				ENABLE_TESTABILITY = YES;
				GCC_C_LANGUAGE_STANDARD = gnu11;
				GCC_DYNAMIC_NO_PIC = NO;
				GCC_NO_COMMON_BLOCKS = YES;
				GCC_OPTIMIZATION_LEVEL = 0;
				GCC_PREPROCESSOR_DEFINITIONS = (
					"DEBUG=1",
					"$(inherited)",
				);
				GCC_WARN_64_TO_32_BIT_CONVERSION = YES;
				GCC_WARN_ABOUT_RETURN_TYPE = YES_ERROR;
				GCC_WARN_UNDECLARED_SELECTOR = YES;
				GCC_WARN_UNINITIALIZED_AUTOS = YES_AGGRESSIVE;
				GCC_WARN_UNUSED_FUNCTION = YES;
				GCC_WARN_UNUSED_VARIABLE = YES;
				IPHONEOS_DEPLOYMENT_TARGET = 12.4;
				MTL_ENABLE_DEBUG_INFO = INCLUDE_SOURCE;
				MTL_FAST_MATH = YES;
				ONLY_ACTIVE_ARCH = YES;
				SDKROOT = iphoneos;
				SWIFT_ACTIVE_COMPILATION_CONDITIONS = DEBUG;
				SWIFT_OPTIMIZATION_LEVEL = "-Onone";
			};
			name = Debug;
		};
		3DB3246828D36A7D00A8B7F0 /* Release */ = {
			isa = XCBuildConfiguration;
			buildSettings = {
				ALWAYS_SEARCH_USER_PATHS = NO;
				CLANG_ANALYZER_NONNULL = YES;
				CLANG_ANALYZER_NUMBER_OBJECT_CONVERSION = YES_AGGRESSIVE;
				CLANG_CXX_LANGUAGE_STANDARD = "gnu++14";
				CLANG_CXX_LIBRARY = "libc++";
				CLANG_ENABLE_MODULES = YES;
				CLANG_ENABLE_OBJC_ARC = YES;
				CLANG_ENABLE_OBJC_WEAK = YES;
				CLANG_WARN_BLOCK_CAPTURE_AUTORELEASING = YES;
				CLANG_WARN_BOOL_CONVERSION = YES;
				CLANG_WARN_COMMA = YES;
				CLANG_WARN_CONSTANT_CONVERSION = YES;
				CLANG_WARN_DEPRECATED_OBJC_IMPLEMENTATIONS = YES;
				CLANG_WARN_DIRECT_OBJC_ISA_USAGE = YES_ERROR;
				CLANG_WARN_DOCUMENTATION_COMMENTS = YES;
				CLANG_WARN_EMPTY_BODY = YES;
				CLANG_WARN_ENUM_CONVERSION = YES;
				CLANG_WARN_INFINITE_RECURSION = YES;
				CLANG_WARN_INT_CONVERSION = YES;
				CLANG_WARN_NON_LITERAL_NULL_CONVERSION = YES;
				CLANG_WARN_OBJC_IMPLICIT_RETAIN_SELF = YES;
				CLANG_WARN_OBJC_LITERAL_CONVERSION = YES;
				CLANG_WARN_OBJC_ROOT_CLASS = YES_ERROR;
				CLANG_WARN_RANGE_LOOP_ANALYSIS = YES;
				CLANG_WARN_STRICT_PROTOTYPES = YES;
				CLANG_WARN_SUSPICIOUS_MOVE = YES;
				CLANG_WARN_UNGUARDED_AVAILABILITY = YES_AGGRESSIVE;
				CLANG_WARN_UNREACHABLE_CODE = YES;
				CLANG_WARN__DUPLICATE_METHOD_MATCH = YES;
				CODE_SIGN_IDENTITY = "iPhone Developer";
				COPY_PHASE_STRIP = NO;
				DEBUG_INFORMATION_FORMAT = "dwarf-with-dsym";
				ENABLE_NS_ASSERTIONS = NO;
				ENABLE_STRICT_OBJC_MSGSEND = YES;
				GCC_C_LANGUAGE_STANDARD = gnu11;
				GCC_NO_COMMON_BLOCKS = YES;
				GCC_WARN_64_TO_32_BIT_CONVERSION = YES;
				GCC_WARN_ABOUT_RETURN_TYPE = YES_ERROR;
				GCC_WARN_UNDECLARED_SELECTOR = YES;
				GCC_WARN_UNINITIALIZED_AUTOS = YES_AGGRESSIVE;
				GCC_WARN_UNUSED_FUNCTION = YES;
				GCC_WARN_UNUSED_VARIABLE = YES;
				IPHONEOS_DEPLOYMENT_TARGET = 12.4;
				MTL_ENABLE_DEBUG_INFO = NO;
				MTL_FAST_MATH = YES;
				SDKROOT = iphoneos;
				SWIFT_COMPILATION_MODE = wholemodule;
				SWIFT_OPTIMIZATION_LEVEL = "-O";
				VALIDATE_PRODUCT = YES;
			};
			name = Release;
		};
		3DB3246A28D36A7D00A8B7F0 /* Debug */ = {
			isa = XCBuildConfiguration;
			buildSettings = {
				ASSETCATALOG_COMPILER_APPICON_NAME = AppIcon;
				CODE_SIGN_STYLE = Automatic;
				INFOPLIST_FILE = navegacion/Info.plist;
				LD_RUNPATH_SEARCH_PATHS = (
					"$(inherited)",
					"@executable_path/Frameworks",
				);
				PRODUCT_BUNDLE_IDENTIFIER = edu.ulsa.navegacion;
				PRODUCT_NAME = "$(TARGET_NAME)";
				SWIFT_VERSION = 5.0;
				TARGETED_DEVICE_FAMILY = "1,2";
			};
			name = Debug;
		};
		3DB3246B28D36A7D00A8B7F0 /* Release */ = {
			isa = XCBuildConfiguration;
			buildSettings = {
				ASSETCATALOG_COMPILER_APPICON_NAME = AppIcon;
				CODE_SIGN_STYLE = Automatic;
				INFOPLIST_FILE = navegacion/Info.plist;
				LD_RUNPATH_SEARCH_PATHS = (
					"$(inherited)",
					"@executable_path/Frameworks",
				);
				PRODUCT_BUNDLE_IDENTIFIER = edu.ulsa.navegacion;
				PRODUCT_NAME = "$(TARGET_NAME)";
				SWIFT_VERSION = 5.0;
				TARGETED_DEVICE_FAMILY = "1,2";
			};
			name = Release;
		};
		3DB3246D28D36A7D00A8B7F0 /* Debug */ = {
			isa = XCBuildConfiguration;
			buildSettings = {
				ALWAYS_EMBED_SWIFT_STANDARD_LIBRARIES = YES;
				BUNDLE_LOADER = "$(TEST_HOST)";
				CODE_SIGN_STYLE = Automatic;
				INFOPLIST_FILE = navegacionTests/Info.plist;
				LD_RUNPATH_SEARCH_PATHS = (
					"$(inherited)",
					"@executable_path/Frameworks",
					"@loader_path/Frameworks",
				);
				PRODUCT_BUNDLE_IDENTIFIER = edu.ulsa.navegacionTests;
				PRODUCT_NAME = "$(TARGET_NAME)";
				SWIFT_VERSION = 5.0;
				TARGETED_DEVICE_FAMILY = "1,2";
				TEST_HOST = "$(BUILT_PRODUCTS_DIR)/navegacion.app/navegacion";
			};
			name = Debug;
		};
		3DB3246E28D36A7D00A8B7F0 /* Release */ = {
			isa = XCBuildConfiguration;
			buildSettings = {
				ALWAYS_EMBED_SWIFT_STANDARD_LIBRARIES = YES;
				BUNDLE_LOADER = "$(TEST_HOST)";
				CODE_SIGN_STYLE = Automatic;
				INFOPLIST_FILE = navegacionTests/Info.plist;
				LD_RUNPATH_SEARCH_PATHS = (
					"$(inherited)",
					"@executable_path/Frameworks",
					"@loader_path/Frameworks",
				);
				PRODUCT_BUNDLE_IDENTIFIER = edu.ulsa.navegacionTests;
				PRODUCT_NAME = "$(TARGET_NAME)";
				SWIFT_VERSION = 5.0;
				TARGETED_DEVICE_FAMILY = "1,2";
				TEST_HOST = "$(BUILT_PRODUCTS_DIR)/navegacion.app/navegacion";
			};
			name = Release;
		};
		3DB3247028D36A7D00A8B7F0 /* Debug */ = {
			isa = XCBuildConfiguration;
			buildSettings = {
				ALWAYS_EMBED_SWIFT_STANDARD_LIBRARIES = YES;
				CODE_SIGN_STYLE = Automatic;
				INFOPLIST_FILE = navegacionUITests/Info.plist;
				LD_RUNPATH_SEARCH_PATHS = (
					"$(inherited)",
					"@executable_path/Frameworks",
					"@loader_path/Frameworks",
				);
				PRODUCT_BUNDLE_IDENTIFIER = edu.ulsa.navegacionUITests;
				PRODUCT_NAME = "$(TARGET_NAME)";
				SWIFT_VERSION = 5.0;
				TARGETED_DEVICE_FAMILY = "1,2";
				TEST_TARGET_NAME = navegacion;
			};
			name = Debug;
		};
		3DB3247128D36A7D00A8B7F0 /* Release */ = {
			isa = XCBuildConfiguration;
			buildSettings = {
				ALWAYS_EMBED_SWIFT_STANDARD_LIBRARIES = YES;
				CODE_SIGN_STYLE = Automatic;
				INFOPLIST_FILE = navegacionUITests/Info.plist;
				LD_RUNPATH_SEARCH_PATHS = (
					"$(inherited)",
					"@executable_path/Frameworks",
					"@loader_path/Frameworks",
				);
				PRODUCT_BUNDLE_IDENTIFIER = edu.ulsa.navegacionUITests;
				PRODUCT_NAME = "$(TARGET_NAME)";
				SWIFT_VERSION = 5.0;
				TARGETED_DEVICE_FAMILY = "1,2";
				TEST_TARGET_NAME = navegacion;
			};
			name = Release;
		};
/* End XCBuildConfiguration section */

/* Begin XCConfigurationList section */
		3DB3243C28D36A7900A8B7F0 /* Build configuration list for PBXProject "navegacion" */ = {
			isa = XCConfigurationList;
			buildConfigurations = (
				3DB3246728D36A7D00A8B7F0 /* Debug */,
				3DB3246828D36A7D00A8B7F0 /* Release */,
			);
			defaultConfigurationIsVisible = 0;
			defaultConfigurationName = Release;
		};
		3DB3246928D36A7D00A8B7F0 /* Build configuration list for PBXNativeTarget "navegacion" */ = {
			isa = XCConfigurationList;
			buildConfigurations = (
				3DB3246A28D36A7D00A8B7F0 /* Debug */,
				3DB3246B28D36A7D00A8B7F0 /* Release */,
			);
			defaultConfigurationIsVisible = 0;
			defaultConfigurationName = Release;
		};
		3DB3246C28D36A7D00A8B7F0 /* Build configuration list for PBXNativeTarget "navegacionTests" */ = {
			isa = XCConfigurationList;
			buildConfigurations = (
				3DB3246D28D36A7D00A8B7F0 /* Debug */,
				3DB3246E28D36A7D00A8B7F0 /* Release */,
			);
			defaultConfigurationIsVisible = 0;
			defaultConfigurationName = Release;
		};
		3DB3246F28D36A7D00A8B7F0 /* Build configuration list for PBXNativeTarget "navegacionUITests" */ = {
			isa = XCConfigurationList;
			buildConfigurations = (
				3DB3247028D36A7D00A8B7F0 /* Debug */,
				3DB3247128D36A7D00A8B7F0 /* Release */,
			);
			defaultConfigurationIsVisible = 0;
			defaultConfigurationName = Release;
		};
/* End XCConfigurationList section */
	};
	rootObject = 3DB3243928D36A7900A8B7F0 /* Project object */;
}
